
Microsoft Visual Studio Solution File, Format Version 12.00
# Visual Studio Version 16
VisualStudioVersion = 16.0.30611.23
MinimumVisualStudioVersion = 10.0.40219.1
Project("{9A19103F-16F7-4668-BE54-9A1E7A4F7556}") = "08 - Matrix Elements Sum", "08 - Matrix Elements Sum\08 - Matrix Elements Sum.csproj", "{AB1B3F99-3EA9-4F6E-A01C-A81FAD13B9FF}"
EndProject
Project("{9A19103F-16F7-4668-BE54-9A1E7A4F7556}") = "09 - All Longest Strings", "09 - All Longest Strings\09 - All Longest Strings.csproj", "{802973C9-FFFD-4859-9399-62C933855FE0}"
EndProject
Project("{9A19103F-16F7-4668-BE54-9A1E7A4F7556}") = "10- Common Character Count", "10- Common Character Count\10- Common Character Count.csproj", "{776FB138-3797-4E63-AB5D-723E0ACA4CC1}"
EndProject
Project("{9A19103F-16F7-4668-BE54-9A1E7A4F7556}") = "11 - Is Lucky", "11 - Is Lucky\11 - Is Lucky.csproj", "{02019228-B8C5-4323-AF39-9F3799BA5EC6}"
EndProject
Project("{9A19103F-16F7-4668-BE54-9A1E7A4F7556}") = "12 - Sort by Height", "12 - Sort by Height\12 - Sort by Height.csproj", "{EB005E81-8C4A-46AD-8689-6749DA33FDA3}"
EndProject
Project("{9A19103F-16F7-4668-BE54-9A1E7A4F7556}") = "13 - Reverse In Parentheses", "13 - Reverse In Parentheses\13 - Reverse In Parentheses.csproj", "{B85B830D-B018-4D94-9989-0D17D82445F2}"
EndProject
Project("{9A19103F-16F7-4668-BE54-9A1E7A4F7556}") = "14 - Alternating Sums", "14 - Alternating Sums\14 - Alternating Sums.csproj", "{6CF8D39B-EB31-4120-99DE-447000BF31AF}"
EndProject
Project("{9A19103F-16F7-4668-BE54-9A1E7A4F7556}") = "15 - Add Border", "15 - Add Border\15 - Add Border.csproj", "{792F2E2A-0207-437D-8E6E-6E61C4ABCB85}"
EndProject
Project("{9A19103F-16F7-4668-BE54-9A1E7A4F7556}") = "16 - Are Similar", "16 - Are Similar\16 - Are Similar.csproj", "{F0BC524E-77E8-4BEE-9426-778ACC2C8CB4}"
EndProject
Project("{9A19103F-16F7-4668-BE54-9A1E7A4F7556}") = "17 - Array Change", "17 - Array Change\17 - Array Change.csproj", "{62C47312-8382-4705-82E0-B68AB32AFC4D}"
EndProject
Project("{9A19103F-16F7-4668-BE54-9A1E7A4F7556}") = "18 - Palindrome Rearranging", "18 - Palindrome Rearranging\18 - Palindrome Rearranging.csproj", "{A33ACD92-51A1-4C26-81A6-E39C6542FB93}"
EndProject
Project("{9A19103F-16F7-4668-BE54-9A1E7A4F7556}") = "01 - Add", "01 - Add\01 - Add.csproj", "{AFF07A5E-9683-4605-A298-56BD6DCAEE26}"
EndProject
Project("{9A19103F-16F7-4668-BE54-9A1E7A4F7556}") = "02 - Century From Year", "02 - Century From Year\02 - Century From Year.csproj", "{3F9C59B6-F9BE-48D5-A33B-A2559E5CC053}"
EndProject
Project("{9A19103F-16F7-4668-BE54-9A1E7A4F7556}") = "03 - Check Palindrome", "03 - Check Palindrome\03 - Check Palindrome.csproj", "{22520B19-00C9-4BD2-B793-DAF14AF5CC3C}"
EndProject
Project("{9A19103F-16F7-4668-BE54-9A1E7A4F7556}") = "04 - Adjacent Elements Product", "04 - Adjacent Elements Product\04 - Adjacent Elements Product.csproj", "{CE753B13-23EC-4409-9C93-57D3AB72346B}"
EndProject
Project("{9A19103F-16F7-4668-BE54-9A1E7A4F7556}") = "05 - Shape Area", "05 - Shape Area\05 - Shape Area.csproj", "{87B6B6A0-AA5C-4A4D-9FD2-8CBCE4BAFAE0}"
EndProject
Project("{9A19103F-16F7-4668-BE54-9A1E7A4F7556}") = "06 - Make Array Consecutive 2", "06 - Make Array Consecutive 2\06 - Make Array Consecutive 2.csproj", "{A151B75A-4031-4AE2-B82E-53EE804E1C60}"
EndProject
Project("{9A19103F-16F7-4668-BE54-9A1E7A4F7556}") = "07 - Almost Increasing Sequence", "07 - Almost Increasing Sequence\07 - Almost Increasing Sequence.csproj", "{392DAC29-04FE-4E89-946D-EBB84DBE7995}"
EndProject
Project("{9A19103F-16F7-4668-BE54-9A1E7A4F7556}") = "19 - Are Equally Strong", "19 - Are Equally Strong\19 - Are Equally Strong.csproj", "{AA217519-C4DF-4009-81C1-FE4C04EBE2E1}"
EndProject
Project("{9A19103F-16F7-4668-BE54-9A1E7A4F7556}") = "20 - Array Maximal Adjacent Difference", "20 - Array Maximal Adjacent Difference\20 - Array Maximal Adjacent Difference.csproj", "{E7B124CB-A92F-48BE-811D-C7F7A11D676C}"
EndProject
Project("{FAE04EC0-301F-11D3-BF4B-00C04F79EFBC}") = "21 - Is IPv4 Address", "21 - Is IPv4 Address\21 - Is IPv4 Address.csproj", "{EBFA9743-79B8-479C-800C-DAD84936F324}"
EndProject
Project("{FAE04EC0-301F-11D3-BF4B-00C04F79EFBC}") = "22 - Avoid Obstacles", "22 - Avoid Obstacles\22 - Avoid Obstacles.csproj", "{298724A5-D043-4CE8-997E-EF3745850033}"
EndProject
Project("{FAE04EC0-301F-11D3-BF4B-00C04F79EFBC}") = "23 - Box Blur", "23 - Box Blur\23 - Box Blur.csproj", "{E17A25CF-9BA6-42DB-A0F9-3C9F7768F9E4}"
EndProject
Project("{FAE04EC0-301F-11D3-BF4B-00C04F79EFBC}") = "24 - Minesweeper", "24 - Minesweeper\24 - Minesweeper.csproj", "{0687B625-773A-41E1-8CA4-145DB0D7EC88}"
EndProject
Project("{FAE04EC0-301F-11D3-BF4B-00C04F79EFBC}") = "25 - Array Replace", "25 - Array Replace\25 - Array Replace.csproj", "{3C371F24-F21B-4850-A761-700CC390D027}"
EndProject
Project("{FAE04EC0-301F-11D3-BF4B-00C04F79EFBC}") = "26 - Even Digits Only", "26 - Even Digits Only\26 - Even Digits Only.csproj", "{D2B66F7D-A3BD-4810-8040-54B5CE359282}"
EndProject
Project("{FAE04EC0-301F-11D3-BF4B-00C04F79EFBC}") = "27 - Variable Name", "27 - Variable Name\27 - Variable Name.csproj", "{6C7F7FA6-43D5-47F0-A1DF-F7B54F961F8F}"
EndProject
Project("{FAE04EC0-301F-11D3-BF4B-00C04F79EFBC}") = "28 - Alphabetic Shift", "28 - Alphabetic Shift\28 - Alphabetic Shift.csproj", "{7E12F253-773A-465E-BB92-8290148B7C49}"
EndProject
Project("{FAE04EC0-301F-11D3-BF4B-00C04F79EFBC}") = "29 - Chess Board Cell Color", "29 - Chess Board Cell Color\29 - Chess Board Cell Color.csproj", "{714ECA7D-603C-4FA2-86FB-EFC720D1D95E}"
EndProject
Project("{FAE04EC0-301F-11D3-BF4B-00C04F79EFBC}") = "30 - Circle of Numbers", "30 - Circle of Numbers\30 - Circle of Numbers.csproj", "{679EB1B4-6342-42A7-BF28-ED7B586A815E}"
EndProject
Project("{FAE04EC0-301F-11D3-BF4B-00C04F79EFBC}") = "31 - Deposit Profit", "31 - Deposit Profit\31 - Deposit Profit.csproj", "{6A597F63-9DF1-40AB-B13F-A18D56F8F204}"
EndProject
Project("{FAE04EC0-301F-11D3-BF4B-00C04F79EFBC}") = "32 - Absolute Values Sum Minimization", "32 - Absolute Values Sum Minimization\32 - Absolute Values Sum Minimization.csproj", "{FEBC38A5-2CAE-4D13-87D4-18DAB2261466}"
EndProject
Project("{FAE04EC0-301F-11D3-BF4B-00C04F79EFBC}") = "33 - Strings Rearrangement", "33 - Strings Rearrangement\33 - Strings Rearrangement.csproj", "{88C53987-EEB9-4A9A-ADBD-360B62588846}"
EndProject
Project("{FAE04EC0-301F-11D3-BF4B-00C04F79EFBC}") = "34 - Extract Each Kth", "34 - Extract Each Kth\34 - Extract Each Kth.csproj", "{81737EA4-3DCE-40DA-AC02-3C4330EA458C}"
EndProject
Project("{FAE04EC0-301F-11D3-BF4B-00C04F79EFBC}") = "35 - First Digit", "35 - First Digit\35 - First Digit.csproj", "{806A144C-0BE2-4CDC-B0CD-7F10CA7C66FA}"
EndProject
Project("{FAE04EC0-301F-11D3-BF4B-00C04F79EFBC}") = "36 -  Different Symbols Naive", "36 -  Different Symbols Naive\36 -  Different Symbols Naive.csproj", "{17C2C549-91E1-4F7A-8F25-75781CD31F47}"
EndProject
Project("{FAE04EC0-301F-11D3-BF4B-00C04F79EFBC}") = "37 - Array Max Consecutive Sum", "37 - Array Max Consecutive Sum\37 - Array Max Consecutive Sum.csproj", "{C2B4CD01-5779-47EC-A713-876DF0E10011}"
EndProject
Project("{FAE04EC0-301F-11D3-BF4B-00C04F79EFBC}") = "38 - Growing Plant", "38 - Growing Plant\38 - Growing Plant.csproj", "{114B759B-449E-4828-968E-FF06B6314EE5}"
EndProject
Project("{FAE04EC0-301F-11D3-BF4B-00C04F79EFBC}") = "39 - Knapsack Light", "39 - Knapsack Light\39 - Knapsack Light.csproj", "{54823CD6-D208-4631-8016-FDA295896327}"
EndProject
Project("{FAE04EC0-301F-11D3-BF4B-00C04F79EFBC}") = "40 - Longest Digits Prefix", "40 - Longest Digits Prefix\40 - Longest Digits Prefix.csproj", "{91DE8E22-BBA2-41E2-A370-89ED42FB6EB6}"
EndProject
Project("{FAE04EC0-301F-11D3-BF4B-00C04F79EFBC}") = "41 - Digit Degree", "41 - Digit Degree\41 - Digit Degree.csproj", "{0559AEC9-FBC3-46EB-B831-1D15BC05F294}"
EndProject
Global
	GlobalSection(SolutionConfigurationPlatforms) = preSolution
		Debug|Any CPU = Debug|Any CPU
		Release|Any CPU = Release|Any CPU
	EndGlobalSection
	GlobalSection(ProjectConfigurationPlatforms) = postSolution
		{AB1B3F99-3EA9-4F6E-A01C-A81FAD13B9FF}.Debug|Any CPU.ActiveCfg = Debug|Any CPU
		{AB1B3F99-3EA9-4F6E-A01C-A81FAD13B9FF}.Debug|Any CPU.Build.0 = Debug|Any CPU
		{AB1B3F99-3EA9-4F6E-A01C-A81FAD13B9FF}.Release|Any CPU.ActiveCfg = Release|Any CPU
		{AB1B3F99-3EA9-4F6E-A01C-A81FAD13B9FF}.Release|Any CPU.Build.0 = Release|Any CPU
		{802973C9-FFFD-4859-9399-62C933855FE0}.Debug|Any CPU.ActiveCfg = Debug|Any CPU
		{802973C9-FFFD-4859-9399-62C933855FE0}.Debug|Any CPU.Build.0 = Debug|Any CPU
		{802973C9-FFFD-4859-9399-62C933855FE0}.Release|Any CPU.ActiveCfg = Release|Any CPU
		{802973C9-FFFD-4859-9399-62C933855FE0}.Release|Any CPU.Build.0 = Release|Any CPU
		{776FB138-3797-4E63-AB5D-723E0ACA4CC1}.Debug|Any CPU.ActiveCfg = Debug|Any CPU
		{776FB138-3797-4E63-AB5D-723E0ACA4CC1}.Debug|Any CPU.Build.0 = Debug|Any CPU
		{776FB138-3797-4E63-AB5D-723E0ACA4CC1}.Release|Any CPU.ActiveCfg = Release|Any CPU
		{776FB138-3797-4E63-AB5D-723E0ACA4CC1}.Release|Any CPU.Build.0 = Release|Any CPU
		{02019228-B8C5-4323-AF39-9F3799BA5EC6}.Debug|Any CPU.ActiveCfg = Debug|Any CPU
		{02019228-B8C5-4323-AF39-9F3799BA5EC6}.Debug|Any CPU.Build.0 = Debug|Any CPU
		{02019228-B8C5-4323-AF39-9F3799BA5EC6}.Release|Any CPU.ActiveCfg = Release|Any CPU
		{02019228-B8C5-4323-AF39-9F3799BA5EC6}.Release|Any CPU.Build.0 = Release|Any CPU
		{EB005E81-8C4A-46AD-8689-6749DA33FDA3}.Debug|Any CPU.ActiveCfg = Debug|Any CPU
		{EB005E81-8C4A-46AD-8689-6749DA33FDA3}.Debug|Any CPU.Build.0 = Debug|Any CPU
		{EB005E81-8C4A-46AD-8689-6749DA33FDA3}.Release|Any CPU.ActiveCfg = Release|Any CPU
		{EB005E81-8C4A-46AD-8689-6749DA33FDA3}.Release|Any CPU.Build.0 = Release|Any CPU
		{B85B830D-B018-4D94-9989-0D17D82445F2}.Debug|Any CPU.ActiveCfg = Debug|Any CPU
		{B85B830D-B018-4D94-9989-0D17D82445F2}.Debug|Any CPU.Build.0 = Debug|Any CPU
		{B85B830D-B018-4D94-9989-0D17D82445F2}.Release|Any CPU.ActiveCfg = Release|Any CPU
		{B85B830D-B018-4D94-9989-0D17D82445F2}.Release|Any CPU.Build.0 = Release|Any CPU
		{6CF8D39B-EB31-4120-99DE-447000BF31AF}.Debug|Any CPU.ActiveCfg = Debug|Any CPU
		{6CF8D39B-EB31-4120-99DE-447000BF31AF}.Debug|Any CPU.Build.0 = Debug|Any CPU
		{6CF8D39B-EB31-4120-99DE-447000BF31AF}.Release|Any CPU.ActiveCfg = Release|Any CPU
		{6CF8D39B-EB31-4120-99DE-447000BF31AF}.Release|Any CPU.Build.0 = Release|Any CPU
		{792F2E2A-0207-437D-8E6E-6E61C4ABCB85}.Debug|Any CPU.ActiveCfg = Debug|Any CPU
		{792F2E2A-0207-437D-8E6E-6E61C4ABCB85}.Debug|Any CPU.Build.0 = Debug|Any CPU
		{792F2E2A-0207-437D-8E6E-6E61C4ABCB85}.Release|Any CPU.ActiveCfg = Release|Any CPU
		{792F2E2A-0207-437D-8E6E-6E61C4ABCB85}.Release|Any CPU.Build.0 = Release|Any CPU
		{F0BC524E-77E8-4BEE-9426-778ACC2C8CB4}.Debug|Any CPU.ActiveCfg = Debug|Any CPU
		{F0BC524E-77E8-4BEE-9426-778ACC2C8CB4}.Debug|Any CPU.Build.0 = Debug|Any CPU
		{F0BC524E-77E8-4BEE-9426-778ACC2C8CB4}.Release|Any CPU.ActiveCfg = Release|Any CPU
		{F0BC524E-77E8-4BEE-9426-778ACC2C8CB4}.Release|Any CPU.Build.0 = Release|Any CPU
		{62C47312-8382-4705-82E0-B68AB32AFC4D}.Debug|Any CPU.ActiveCfg = Debug|Any CPU
		{62C47312-8382-4705-82E0-B68AB32AFC4D}.Debug|Any CPU.Build.0 = Debug|Any CPU
		{62C47312-8382-4705-82E0-B68AB32AFC4D}.Release|Any CPU.ActiveCfg = Release|Any CPU
		{62C47312-8382-4705-82E0-B68AB32AFC4D}.Release|Any CPU.Build.0 = Release|Any CPU
		{A33ACD92-51A1-4C26-81A6-E39C6542FB93}.Debug|Any CPU.ActiveCfg = Debug|Any CPU
		{A33ACD92-51A1-4C26-81A6-E39C6542FB93}.Debug|Any CPU.Build.0 = Debug|Any CPU
		{A33ACD92-51A1-4C26-81A6-E39C6542FB93}.Release|Any CPU.ActiveCfg = Release|Any CPU
		{A33ACD92-51A1-4C26-81A6-E39C6542FB93}.Release|Any CPU.Build.0 = Release|Any CPU
		{AFF07A5E-9683-4605-A298-56BD6DCAEE26}.Debug|Any CPU.ActiveCfg = Debug|Any CPU
		{AFF07A5E-9683-4605-A298-56BD6DCAEE26}.Debug|Any CPU.Build.0 = Debug|Any CPU
		{AFF07A5E-9683-4605-A298-56BD6DCAEE26}.Release|Any CPU.ActiveCfg = Release|Any CPU
		{AFF07A5E-9683-4605-A298-56BD6DCAEE26}.Release|Any CPU.Build.0 = Release|Any CPU
		{3F9C59B6-F9BE-48D5-A33B-A2559E5CC053}.Debug|Any CPU.ActiveCfg = Debug|Any CPU
		{3F9C59B6-F9BE-48D5-A33B-A2559E5CC053}.Debug|Any CPU.Build.0 = Debug|Any CPU
		{3F9C59B6-F9BE-48D5-A33B-A2559E5CC053}.Release|Any CPU.ActiveCfg = Release|Any CPU
		{3F9C59B6-F9BE-48D5-A33B-A2559E5CC053}.Release|Any CPU.Build.0 = Release|Any CPU
		{22520B19-00C9-4BD2-B793-DAF14AF5CC3C}.Debug|Any CPU.ActiveCfg = Debug|Any CPU
		{22520B19-00C9-4BD2-B793-DAF14AF5CC3C}.Debug|Any CPU.Build.0 = Debug|Any CPU
		{22520B19-00C9-4BD2-B793-DAF14AF5CC3C}.Release|Any CPU.ActiveCfg = Release|Any CPU
		{22520B19-00C9-4BD2-B793-DAF14AF5CC3C}.Release|Any CPU.Build.0 = Release|Any CPU
		{CE753B13-23EC-4409-9C93-57D3AB72346B}.Debug|Any CPU.ActiveCfg = Debug|Any CPU
		{CE753B13-23EC-4409-9C93-57D3AB72346B}.Debug|Any CPU.Build.0 = Debug|Any CPU
		{CE753B13-23EC-4409-9C93-57D3AB72346B}.Release|Any CPU.ActiveCfg = Release|Any CPU
		{CE753B13-23EC-4409-9C93-57D3AB72346B}.Release|Any CPU.Build.0 = Release|Any CPU
		{87B6B6A0-AA5C-4A4D-9FD2-8CBCE4BAFAE0}.Debug|Any CPU.ActiveCfg = Debug|Any CPU
		{87B6B6A0-AA5C-4A4D-9FD2-8CBCE4BAFAE0}.Debug|Any CPU.Build.0 = Debug|Any CPU
		{87B6B6A0-AA5C-4A4D-9FD2-8CBCE4BAFAE0}.Release|Any CPU.ActiveCfg = Release|Any CPU
		{87B6B6A0-AA5C-4A4D-9FD2-8CBCE4BAFAE0}.Release|Any CPU.Build.0 = Release|Any CPU
		{A151B75A-4031-4AE2-B82E-53EE804E1C60}.Debug|Any CPU.ActiveCfg = Debug|Any CPU
		{A151B75A-4031-4AE2-B82E-53EE804E1C60}.Debug|Any CPU.Build.0 = Debug|Any CPU
		{A151B75A-4031-4AE2-B82E-53EE804E1C60}.Release|Any CPU.ActiveCfg = Release|Any CPU
		{A151B75A-4031-4AE2-B82E-53EE804E1C60}.Release|Any CPU.Build.0 = Release|Any CPU
		{392DAC29-04FE-4E89-946D-EBB84DBE7995}.Debug|Any CPU.ActiveCfg = Debug|Any CPU
		{392DAC29-04FE-4E89-946D-EBB84DBE7995}.Debug|Any CPU.Build.0 = Debug|Any CPU
		{392DAC29-04FE-4E89-946D-EBB84DBE7995}.Release|Any CPU.ActiveCfg = Release|Any CPU
		{392DAC29-04FE-4E89-946D-EBB84DBE7995}.Release|Any CPU.Build.0 = Release|Any CPU
		{AA217519-C4DF-4009-81C1-FE4C04EBE2E1}.Debug|Any CPU.ActiveCfg = Debug|Any CPU
		{AA217519-C4DF-4009-81C1-FE4C04EBE2E1}.Debug|Any CPU.Build.0 = Debug|Any CPU
		{AA217519-C4DF-4009-81C1-FE4C04EBE2E1}.Release|Any CPU.ActiveCfg = Release|Any CPU
		{AA217519-C4DF-4009-81C1-FE4C04EBE2E1}.Release|Any CPU.Build.0 = Release|Any CPU
		{E7B124CB-A92F-48BE-811D-C7F7A11D676C}.Debug|Any CPU.ActiveCfg = Debug|Any CPU
		{E7B124CB-A92F-48BE-811D-C7F7A11D676C}.Debug|Any CPU.Build.0 = Debug|Any CPU
		{E7B124CB-A92F-48BE-811D-C7F7A11D676C}.Release|Any CPU.ActiveCfg = Release|Any CPU
		{E7B124CB-A92F-48BE-811D-C7F7A11D676C}.Release|Any CPU.Build.0 = Release|Any CPU
		{EBFA9743-79B8-479C-800C-DAD84936F324}.Debug|Any CPU.ActiveCfg = Debug|Any CPU
		{EBFA9743-79B8-479C-800C-DAD84936F324}.Debug|Any CPU.Build.0 = Debug|Any CPU
		{EBFA9743-79B8-479C-800C-DAD84936F324}.Release|Any CPU.ActiveCfg = Release|Any CPU
		{EBFA9743-79B8-479C-800C-DAD84936F324}.Release|Any CPU.Build.0 = Release|Any CPU
		{298724A5-D043-4CE8-997E-EF3745850033}.Debug|Any CPU.ActiveCfg = Debug|Any CPU
		{298724A5-D043-4CE8-997E-EF3745850033}.Debug|Any CPU.Build.0 = Debug|Any CPU
		{298724A5-D043-4CE8-997E-EF3745850033}.Release|Any CPU.ActiveCfg = Release|Any CPU
		{298724A5-D043-4CE8-997E-EF3745850033}.Release|Any CPU.Build.0 = Release|Any CPU
		{E17A25CF-9BA6-42DB-A0F9-3C9F7768F9E4}.Debug|Any CPU.ActiveCfg = Debug|Any CPU
		{E17A25CF-9BA6-42DB-A0F9-3C9F7768F9E4}.Debug|Any CPU.Build.0 = Debug|Any CPU
		{E17A25CF-9BA6-42DB-A0F9-3C9F7768F9E4}.Release|Any CPU.ActiveCfg = Release|Any CPU
		{E17A25CF-9BA6-42DB-A0F9-3C9F7768F9E4}.Release|Any CPU.Build.0 = Release|Any CPU
		{0687B625-773A-41E1-8CA4-145DB0D7EC88}.Debug|Any CPU.ActiveCfg = Debug|Any CPU
		{0687B625-773A-41E1-8CA4-145DB0D7EC88}.Debug|Any CPU.Build.0 = Debug|Any CPU
		{0687B625-773A-41E1-8CA4-145DB0D7EC88}.Release|Any CPU.ActiveCfg = Release|Any CPU
		{0687B625-773A-41E1-8CA4-145DB0D7EC88}.Release|Any CPU.Build.0 = Release|Any CPU
		{3C371F24-F21B-4850-A761-700CC390D027}.Debug|Any CPU.ActiveCfg = Debug|Any CPU
		{3C371F24-F21B-4850-A761-700CC390D027}.Debug|Any CPU.Build.0 = Debug|Any CPU
		{3C371F24-F21B-4850-A761-700CC390D027}.Release|Any CPU.ActiveCfg = Release|Any CPU
		{3C371F24-F21B-4850-A761-700CC390D027}.Release|Any CPU.Build.0 = Release|Any CPU
		{D2B66F7D-A3BD-4810-8040-54B5CE359282}.Debug|Any CPU.ActiveCfg = Debug|Any CPU
		{D2B66F7D-A3BD-4810-8040-54B5CE359282}.Debug|Any CPU.Build.0 = Debug|Any CPU
		{D2B66F7D-A3BD-4810-8040-54B5CE359282}.Release|Any CPU.ActiveCfg = Release|Any CPU
		{D2B66F7D-A3BD-4810-8040-54B5CE359282}.Release|Any CPU.Build.0 = Release|Any CPU
		{6C7F7FA6-43D5-47F0-A1DF-F7B54F961F8F}.Debug|Any CPU.ActiveCfg = Debug|Any CPU
		{6C7F7FA6-43D5-47F0-A1DF-F7B54F961F8F}.Debug|Any CPU.Build.0 = Debug|Any CPU
		{6C7F7FA6-43D5-47F0-A1DF-F7B54F961F8F}.Release|Any CPU.ActiveCfg = Release|Any CPU
		{6C7F7FA6-43D5-47F0-A1DF-F7B54F961F8F}.Release|Any CPU.Build.0 = Release|Any CPU
		{7E12F253-773A-465E-BB92-8290148B7C49}.Debug|Any CPU.ActiveCfg = Debug|Any CPU
		{7E12F253-773A-465E-BB92-8290148B7C49}.Debug|Any CPU.Build.0 = Debug|Any CPU
		{7E12F253-773A-465E-BB92-8290148B7C49}.Release|Any CPU.ActiveCfg = Release|Any CPU
		{7E12F253-773A-465E-BB92-8290148B7C49}.Release|Any CPU.Build.0 = Release|Any CPU
		{714ECA7D-603C-4FA2-86FB-EFC720D1D95E}.Debug|Any CPU.ActiveCfg = Debug|Any CPU
		{714ECA7D-603C-4FA2-86FB-EFC720D1D95E}.Debug|Any CPU.Build.0 = Debug|Any CPU
		{714ECA7D-603C-4FA2-86FB-EFC720D1D95E}.Release|Any CPU.ActiveCfg = Release|Any CPU
		{714ECA7D-603C-4FA2-86FB-EFC720D1D95E}.Release|Any CPU.Build.0 = Release|Any CPU
		{679EB1B4-6342-42A7-BF28-ED7B586A815E}.Debug|Any CPU.ActiveCfg = Debug|Any CPU
		{679EB1B4-6342-42A7-BF28-ED7B586A815E}.Debug|Any CPU.Build.0 = Debug|Any CPU
		{679EB1B4-6342-42A7-BF28-ED7B586A815E}.Release|Any CPU.ActiveCfg = Release|Any CPU
		{679EB1B4-6342-42A7-BF28-ED7B586A815E}.Release|Any CPU.Build.0 = Release|Any CPU
		{6A597F63-9DF1-40AB-B13F-A18D56F8F204}.Debug|Any CPU.ActiveCfg = Debug|Any CPU
		{6A597F63-9DF1-40AB-B13F-A18D56F8F204}.Debug|Any CPU.Build.0 = Debug|Any CPU
		{6A597F63-9DF1-40AB-B13F-A18D56F8F204}.Release|Any CPU.ActiveCfg = Release|Any CPU
		{6A597F63-9DF1-40AB-B13F-A18D56F8F204}.Release|Any CPU.Build.0 = Release|Any CPU
		{FEBC38A5-2CAE-4D13-87D4-18DAB2261466}.Debug|Any CPU.ActiveCfg = Debug|Any CPU
		{FEBC38A5-2CAE-4D13-87D4-18DAB2261466}.Debug|Any CPU.Build.0 = Debug|Any CPU
		{FEBC38A5-2CAE-4D13-87D4-18DAB2261466}.Release|Any CPU.ActiveCfg = Release|Any CPU
		{FEBC38A5-2CAE-4D13-87D4-18DAB2261466}.Release|Any CPU.Build.0 = Release|Any CPU
		{88C53987-EEB9-4A9A-ADBD-360B62588846}.Debug|Any CPU.ActiveCfg = Debug|Any CPU
		{88C53987-EEB9-4A9A-ADBD-360B62588846}.Debug|Any CPU.Build.0 = Debug|Any CPU
		{88C53987-EEB9-4A9A-ADBD-360B62588846}.Release|Any CPU.ActiveCfg = Release|Any CPU
		{88C53987-EEB9-4A9A-ADBD-360B62588846}.Release|Any CPU.Build.0 = Release|Any CPU
		{81737EA4-3DCE-40DA-AC02-3C4330EA458C}.Debug|Any CPU.ActiveCfg = Debug|Any CPU
		{81737EA4-3DCE-40DA-AC02-3C4330EA458C}.Debug|Any CPU.Build.0 = Debug|Any CPU
		{81737EA4-3DCE-40DA-AC02-3C4330EA458C}.Release|Any CPU.ActiveCfg = Release|Any CPU
		{81737EA4-3DCE-40DA-AC02-3C4330EA458C}.Release|Any CPU.Build.0 = Release|Any CPU
		{806A144C-0BE2-4CDC-B0CD-7F10CA7C66FA}.Debug|Any CPU.ActiveCfg = Debug|Any CPU
		{806A144C-0BE2-4CDC-B0CD-7F10CA7C66FA}.Debug|Any CPU.Build.0 = Debug|Any CPU
		{806A144C-0BE2-4CDC-B0CD-7F10CA7C66FA}.Release|Any CPU.ActiveCfg = Release|Any CPU
		{806A144C-0BE2-4CDC-B0CD-7F10CA7C66FA}.Release|Any CPU.Build.0 = Release|Any CPU
		{17C2C549-91E1-4F7A-8F25-75781CD31F47}.Debug|Any CPU.ActiveCfg = Debug|Any CPU
		{17C2C549-91E1-4F7A-8F25-75781CD31F47}.Debug|Any CPU.Build.0 = Debug|Any CPU
		{17C2C549-91E1-4F7A-8F25-75781CD31F47}.Release|Any CPU.ActiveCfg = Release|Any CPU
		{17C2C549-91E1-4F7A-8F25-75781CD31F47}.Release|Any CPU.Build.0 = Release|Any CPU
		{C2B4CD01-5779-47EC-A713-876DF0E10011}.Debug|Any CPU.ActiveCfg = Debug|Any CPU
		{C2B4CD01-5779-47EC-A713-876DF0E10011}.Debug|Any CPU.Build.0 = Debug|Any CPU
		{C2B4CD01-5779-47EC-A713-876DF0E10011}.Release|Any CPU.ActiveCfg = Release|Any CPU
		{C2B4CD01-5779-47EC-A713-876DF0E10011}.Release|Any CPU.Build.0 = Release|Any CPU
		{114B759B-449E-4828-968E-FF06B6314EE5}.Debug|Any CPU.ActiveCfg = Debug|Any CPU
		{114B759B-449E-4828-968E-FF06B6314EE5}.Debug|Any CPU.Build.0 = Debug|Any CPU
		{114B759B-449E-4828-968E-FF06B6314EE5}.Release|Any CPU.ActiveCfg = Release|Any CPU
		{114B759B-449E-4828-968E-FF06B6314EE5}.Release|Any CPU.Build.0 = Release|Any CPU
		{54823CD6-D208-4631-8016-FDA295896327}.Debug|Any CPU.ActiveCfg = Debug|Any CPU
		{54823CD6-D208-4631-8016-FDA295896327}.Debug|Any CPU.Build.0 = Debug|Any CPU
		{54823CD6-D208-4631-8016-FDA295896327}.Release|Any CPU.ActiveCfg = Release|Any CPU
		{54823CD6-D208-4631-8016-FDA295896327}.Release|Any CPU.Build.0 = Release|Any CPU
		{91DE8E22-BBA2-41E2-A370-89ED42FB6EB6}.Debug|Any CPU.ActiveCfg = Debug|Any CPU
		{91DE8E22-BBA2-41E2-A370-89ED42FB6EB6}.Debug|Any CPU.Build.0 = Debug|Any CPU
		{91DE8E22-BBA2-41E2-A370-89ED42FB6EB6}.Release|Any CPU.ActiveCfg = Release|Any CPU
		{91DE8E22-BBA2-41E2-A370-89ED42FB6EB6}.Release|Any CPU.Build.0 = Release|Any CPU
		{0559AEC9-FBC3-46EB-B831-1D15BC05F294}.Debug|Any CPU.ActiveCfg = Debug|Any CPU
		{0559AEC9-FBC3-46EB-B831-1D15BC05F294}.Debug|Any CPU.Build.0 = Debug|Any CPU
		{0559AEC9-FBC3-46EB-B831-1D15BC05F294}.Release|Any CPU.ActiveCfg = Release|Any CPU
		{0559AEC9-FBC3-46EB-B831-1D15BC05F294}.Release|Any CPU.Build.0 = Release|Any CPU
	EndGlobalSection
	GlobalSection(SolutionProperties) = preSolution
		HideSolutionNode = FALSE
	EndGlobalSection
	GlobalSection(ExtensibilityGlobals) = postSolution
		SolutionGuid = {8C9BC9CA-20F7-4B4E-9DA2-BCF566E9EE08}
	EndGlobalSection
EndGlobal
